[[package]]
category = "main"
description = "Foreign Function Interface for Python calling C code."
name = "cffi"
optional = false
python-versions = "*"
version = "1.14.4"

[package.dependencies]
pycparser = "*"

[[package]]
category = "main"
description = "C parser in Python"
name = "pycparser"
optional = false
python-versions = ">=2.7, !=3.0.*, !=3.1.*, !=3.2.*, !=3.3.*"
version = "2.20"

[[package]]
category = "main"
description = "Python Game Development"
name = "pygame"
optional = false
python-versions = "*"
version = "2.0.0"

[[package]]
category = "main"
description = "Pymunk is a easy-to-use pythonic 2d physics library"
name = "pymunk"
optional = false
python-versions = "*"
version = "5.7.0"

[package.dependencies]
cffi = "!=1.13.1"

[package.extras]
dev = ["pyglet", "pygame", "sphinx", "aafigure"]

[metadata]
content-hash = "1ecbe1100fe219de589c88841cca95657aeec1122abd130e6a08f5b77342b2fa"
python-versions = "^3.8"

[metadata.files]
cffi = [
    {file = "cffi-1.14.4-cp27-cp27m-macosx_10_9_x86_64.whl", hash = "sha256:ebb253464a5d0482b191274f1c8bf00e33f7e0b9c66405fbffc61ed2c839c775"},
    {file = "cffi-1.14.4-cp27-cp27m-manylinux1_i686.whl", hash = "sha256:2c24d61263f511551f740d1a065eb0212db1dbbbbd241db758f5244281590c06"},
    {file = "cffi-1.14.4-cp27-cp27m-manylinux1_x86_64.whl", hash = "sha256:9f7a31251289b2ab6d4012f6e83e58bc3b96bd151f5b5262467f4bb6b34a7c26"},
    {file = "cffi-1.14.4-cp27-cp27m-win32.whl", hash = "sha256:5cf4be6c304ad0b6602f5c4e90e2f59b47653ac1ed9c662ed379fe48a8f26b0c"},
    {file = "cffi-1.14.4-cp27-cp27m-win_amd64.whl", hash = "sha256:f60567825f791c6f8a592f3c6e3bd93dd2934e3f9dac189308426bd76b00ef3b"},
    {file = "cffi-1.14.4-cp27-cp27mu-manylinux1_i686.whl", hash = "sha256:c6332685306b6417a91b1ff9fae889b3ba65c2292d64bd9245c093b1b284809d"},
    {file = "cffi-1.14.4-cp27-cp27mu-manylinux1_x86_64.whl", hash = "sha256:d9efd8b7a3ef378dd61a1e77367f1924375befc2eba06168b6ebfa903a5e59ca"},
    {file = "cffi-1.14.4-cp35-cp35m-macosx_10_9_x86_64.whl", hash = "sha256:51a8b381b16ddd370178a65360ebe15fbc1c71cf6f584613a7ea08bfad946698"},
    {file = "cffi-1.14.4-cp35-cp35m-manylinux1_i686.whl", hash = "sha256:1d2c4994f515e5b485fd6d3a73d05526aa0fcf248eb135996b088d25dfa1865b"},
    {file = "cffi-1.14.4-cp35-cp35m-manylinux1_x86_64.whl", hash = "sha256:af5c59122a011049aad5dd87424b8e65a80e4a6477419c0c1015f73fb5ea0293"},
    {file = "cffi-1.14.4-cp35-cp35m-win32.whl", hash = "sha256:594234691ac0e9b770aee9fcdb8fa02c22e43e5c619456efd0d6c2bf276f3eb2"},
    {file = "cffi-1.14.4-cp35-cp35m-win_amd64.whl", hash = "sha256:64081b3f8f6f3c3de6191ec89d7dc6c86a8a43911f7ecb422c60e90c70be41c7"},
    {file = "cffi-1.14.4-cp36-cp36m-macosx_10_9_x86_64.whl", hash = "sha256:f803eaa94c2fcda012c047e62bc7a51b0bdabda1cad7a92a522694ea2d76e49f"},
    {file = "cffi-1.14.4-cp36-cp36m-manylinux1_i686.whl", hash = "sha256:105abaf8a6075dc96c1fe5ae7aae073f4696f2905fde6aeada4c9d2926752362"},
    {file = "cffi-1.14.4-cp36-cp36m-manylinux1_x86_64.whl", hash = "sha256:0638c3ae1a0edfb77c6765d487fee624d2b1ee1bdfeffc1f0b58c64d149e7eec"},
    {file = "cffi-1.14.4-cp36-cp36m-manylinux2014_aarch64.whl", hash = "sha256:7c6b1dece89874d9541fc974917b631406233ea0440d0bdfbb8e03bf39a49b3b"},
    {file = "cffi-1.14.4-cp36-cp36m-win32.whl", hash = "sha256:155136b51fd733fa94e1c2ea5211dcd4c8879869008fc811648f16541bf99668"},
    {file = "cffi-1.14.4-cp36-cp36m-win_amd64.whl", hash = "sha256:6bc25fc545a6b3d57b5f8618e59fc13d3a3a68431e8ca5fd4c13241cd70d0009"},
    {file = "cffi-1.14.4-cp37-cp37m-macosx_10_9_x86_64.whl", hash = "sha256:a7711edca4dcef1a75257b50a2fbfe92a65187c47dab5a0f1b9b332c5919a3fb"},
    {file = "cffi-1.14.4-cp37-cp37m-manylinux1_i686.whl", hash = "sha256:00e28066507bfc3fe865a31f325c8391a1ac2916219340f87dfad602c3e48e5d"},
    {file = "cffi-1.14.4-cp37-cp37m-manylinux1_x86_64.whl", hash = "sha256:798caa2a2384b1cbe8a2a139d80734c9db54f9cc155c99d7cc92441a23871c03"},
    {file = "cffi-1.14.4-cp37-cp37m-win32.whl", hash = "sha256:00a1ba5e2e95684448de9b89888ccd02c98d512064b4cb987d48f4b40aa0421e"},
    {file = "cffi-1.14.4-cp37-cp37m-win_amd64.whl", hash = "sha256:9cc46bc107224ff5b6d04369e7c595acb700c3613ad7bcf2e2012f62ece80c35"},
    {file = "cffi-1.14.4-cp38-cp38-macosx_10_9_x86_64.whl", hash = "sha256:df5169c4396adc04f9b0a05f13c074df878b6052430e03f50e68adf3a57aa28d"},
    {file = "cffi-1.14.4-cp38-cp38-manylinux1_i686.whl", hash = "sha256:9ffb888f19d54a4d4dfd4b3f29bc2c16aa4972f1c2ab9c4ab09b8ab8685b9c2b"},
    {file = "cffi-1.14.4-cp38-cp38-manylinux1_x86_64.whl", hash = "sha256:8d6603078baf4e11edc4168a514c5ce5b3ba6e3e9c374298cb88437957960a53"},
    {file = "cffi-1.14.4-cp38-cp38-win32.whl", hash = "sha256:b4e248d1087abf9f4c10f3c398896c87ce82a9856494a7155823eb45a892395d"},
    {file = "cffi-1.14.4-cp38-cp38-win_amd64.whl", hash = "sha256:ec80dc47f54e6e9a78181ce05feb71a0353854cc26999db963695f950b5fb375"},
    {file = "cffi-1.14.4-cp39-cp39-macosx_10_9_x86_64.whl", hash = "sha256:840793c68105fe031f34d6a086eaea153a0cd5c491cde82a74b420edd0a2b909"},
    {file = "cffi-1.14.4-cp39-cp39-manylinux1_i686.whl", hash = "sha256:b18e0a9ef57d2b41f5c68beefa32317d286c3d6ac0484efd10d6e07491bb95dd"},
    {file = "cffi-1.14.4-cp39-cp39-manylinux1_x86_64.whl", hash = "sha256:045d792900a75e8b1e1b0ab6787dd733a8190ffcf80e8c8ceb2fb10a29ff238a"},
    {file = "cffi-1.14.4-cp39-cp39-win32.whl", hash = "sha256:ba4e9e0ae13fc41c6b23299545e5ef73055213e466bd107953e4a013a5ddd7e3"},
    {file = "cffi-1.14.4-cp39-cp39-win_amd64.whl", hash = "sha256:f032b34669220030f905152045dfa27741ce1a6db3324a5bc0b96b6c7420c87b"},
    {file = "cffi-1.14.4.tar.gz", hash = "sha256:1a465cbe98a7fd391d47dce4b8f7e5b921e6cd805ef421d04f5f66ba8f06086c"},
]
pycparser = [
    {file = "pycparser-2.20-py2.py3-none-any.whl", hash = "sha256:7582ad22678f0fcd81102833f60ef8d0e57288b6b5fb00323d101be910e35705"},
    {file = "pycparser-2.20.tar.gz", hash = "sha256:2d475327684562c3a96cc71adf7dc8c4f0565175cf86b6d7a404ff4c771f15f0"},
]
pygame = [
    {file = "pygame-2.0.0-cp27-cp27m-macosx_10_9_intel.whl", hash = "sha256:697599838b559b9f6573c3064357b404d3fd7af145168e2f4e3ed551bc4400ec"},
    {file = "pygame-2.0.0-cp27-cp27m-win32.whl", hash = "sha256:411fa087a21f065d720d199b848652bf02d61cb39ff4d62745be37257fd84361"},
    {file = "pygame-2.0.0-cp27-cp27m-win_amd64.whl", hash = "sha256:6bd16df20e5b9bc82a4dae7342573a7917530c2e4713c576f2684ebc79a9aa73"},
    {file = "pygame-2.0.0-cp27-cp27mu-manylinux1_i686.whl", hash = "sha256:0ba624e8cc2056f0c8f7f819f2564284bb675dd9a8097e03762763a63f99e1b3"},
    {file = "pygame-2.0.0-cp27-cp27mu-manylinux1_x86_64.whl", hash = "sha256:a03f0357ad4a9daf6e70b239804b77088d0b1543fc32e672f97f38e35fb1c206"},
    {file = "pygame-2.0.0-cp35-cp35m-macosx_10_9_intel.whl", hash = "sha256:dc7cbfc0a0a0f1f8b1be4dbf0788a4ac7d3dd2991067e1cfd869c65c323a24a5"},
    {file = "pygame-2.0.0-cp35-cp35m-manylinux1_i686.whl", hash = "sha256:7c228e067b5e212acc2ee1412e2cf29f5900fd290b09556014aee74665ffaded"},
    {file = "pygame-2.0.0-cp35-cp35m-manylinux1_x86_64.whl", hash = "sha256:69f9452365eef5ef476eca2657dcc488d8f93423a2f6e80e6dc5ada9fa813d21"},
    {file = "pygame-2.0.0-cp35-cp35m-win32.whl", hash = "sha256:a7d298ebc7239dcf98e093b3510abc5279c8c7c149c60d2a8a81a1b44a671da3"},
    {file = "pygame-2.0.0-cp35-cp35m-win_amd64.whl", hash = "sha256:5450704eab972951cce02231e21dbbdffcf7e7c569cfb8d26346e2b18197ae0f"},
    {file = "pygame-2.0.0-cp36-cp36m-macosx_10_9_intel.whl", hash = "sha256:6f5b10de20a6d6a4c84371fd55d25038ef3fa3ceb1a20a61bcab1b1f2459a115"},
    {file = "pygame-2.0.0-cp36-cp36m-manylinux1_i686.whl", hash = "sha256:8a240f598c21a4d2218eaeccfdd77bf0d0f6789133a154b07667285157b95ffa"},
    {file = "pygame-2.0.0-cp36-cp36m-manylinux1_x86_64.whl", hash = "sha256:5ed4b00612b11c1ebbfbff1379616de2fa4d1acd9830232cc9a4a2ac2aa55e84"},
    {file = "pygame-2.0.0-cp36-cp36m-win32.whl", hash = "sha256:cb6dda696df8326eebf8514aa7d6e18977d37822241d8661069ca42a45f957d6"},
    {file = "pygame-2.0.0-cp36-cp36m-win_amd64.whl", hash = "sha256:d700ffe744efde7eba1709950066429bdd21e9eec2288e29d39c3a9f21a04a7c"},
    {file = "pygame-2.0.0-cp37-cp37m-macosx_10_9_intel.whl", hash = "sha256:b5ac39ef5453252cb4b4ce2956ad9832688476a7a99bbdee1a7e17bf40e0a11f"},
    {file = "pygame-2.0.0-cp37-cp37m-manylinux1_i686.whl", hash = "sha256:e716b3a5ca469959ad0d631cbb7846386741fc056968a3abb097ba5b43757214"},
    {file = "pygame-2.0.0-cp37-cp37m-manylinux1_x86_64.whl", hash = "sha256:abed99f21c11d7f8deb0b3a41e2e4b0d00a98c17c23edd4dd344f169b317a586"},
    {file = "pygame-2.0.0-cp37-cp37m-win32.whl", hash = "sha256:3a2e7a0e6377224d3956ac9791382f7baadf66957679be8a9cc493f488245584"},
    {file = "pygame-2.0.0-cp37-cp37m-win_amd64.whl", hash = "sha256:3d0be0275b1d4939c9c9074d879407f330cbac0c837cd0f4b24ab0377959f6da"},
    {file = "pygame-2.0.0-cp38-cp38-macosx_10_9_intel.whl", hash = "sha256:d768ff1f2dd3de84585a68b491821badc35b2c9c4453c6cbcf48949be99ea781"},
    {file = "pygame-2.0.0-cp38-cp38-manylinux1_i686.whl", hash = "sha256:4e58cc6f47412cf441a0c9b98dcb8141e1f2cdb6bbd0b00d1b89572d54195002"},
    {file = "pygame-2.0.0-cp38-cp38-manylinux1_x86_64.whl", hash = "sha256:00268b75204519628760030d256b17e557710a859fadf7cbf80ead80efc22779"},
    {file = "pygame-2.0.0-cp38-cp38-win32.whl", hash = "sha256:21f4e50c1f13e143c590a48e63644ed2d0cfb50f9ce699c5e8b7af7caaa5cbe3"},
    {file = "pygame-2.0.0-cp38-cp38-win_amd64.whl", hash = "sha256:2c2475f706e49b4a67d6958e5cce1157f3875083eba92ab298bdf7ba33780524"},
    {file = "pygame-2.0.0-cp39-cp39-macosx_10_9_intel.whl", hash = "sha256:87795c07c1de05150759b52e7bc3ccb38e76148ae8e40f07bf2b1368e7fabf0e"},
    {file = "pygame-2.0.0-cp39-cp39-manylinux1_i686.whl", hash = "sha256:d1b9279133bb9f1ff5e7f5369a7a25749279724f64428980f6cec58eb7ce18da"},
    {file = "pygame-2.0.0-cp39-cp39-manylinux1_x86_64.whl", hash = "sha256:9d10a197518f8b50d3a61b923762a37063b9d6e27d1abe5167bb3a762e816833"},
    {file = "pygame-2.0.0-cp39-cp39-win32.whl", hash = "sha256:579d2162591241dc98c80c796576bb93edbd8107a8a43e13a18bf3c9c0dfb446"},
    {file = "pygame-2.0.0-cp39-cp39-win_amd64.whl", hash = "sha256:e75fe7624d2fc03b93a706f4d8f8204cb9c83c8f16245553546b3bd0a733556c"},
    {file = "pygame-2.0.0-pp27-pypy_73-manylinux2010_i686.whl", hash = "sha256:1bc6e76e31e7ce6b734f12a06d975af2ef29da93e5ccbecbc8ed2d38d1bea8ea"},
    {file = "pygame-2.0.0-pp27-pypy_73-manylinux2010_x86_64.whl", hash = "sha256:19b66c7546261996e2533b922f78b04edc1901586d6e023af7ec0aef4d6d4a9f"},
    {file = "pygame-2.0.0-pp27-pypy_73-win32.whl", hash = "sha256:7ee08691262b1a22dfd28b9b0e126cfc0276b349ddfd7ef8964a0e54d000ab0e"},
    {file = "pygame-2.0.0-pp36-pypy36_pp73-macosx_10_9_intel.whl", hash = "sha256:e21e68b1110bea64ed1dee6e644b49423f9539fb3e29d27ca6c68011f999c8f9"},
    {file = "pygame-2.0.0-pp36-pypy36_pp73-manylinux2010_i686.whl", hash = "sha256:c2aea8cfa8156016d5316a601e804e8eacc77facd550d6bff893130f8f506a45"},
    {file = "pygame-2.0.0-pp36-pypy36_pp73-manylinux2010_x86_64.whl", hash = "sha256:db05ce075aed6a9ac6b5613f273eb134a643a7b910ded4f6395b09a7f24edacf"},
    {file = "pygame-2.0.0-pp36-pypy36_pp73-win32.whl", hash = "sha256:0fa2dfa9daacaa5533ab733c0fd038e319b83d685f92e986fe3233dd06e508e4"},
    {file = "pygame-2.0.0-pp37-pypy37_pp73-macosx_10_9_intel.whl", hash = "sha256:208fbc0f25a641b953c7ec1c537a3c0b43a4faf6a8f303be15d02e308c671bab"},
    {file = "pygame-2.0.0-pp37-pypy37_pp73-manylinux2010_i686.whl", hash = "sha256:e8effa8b5a8d2bb9c07dccb18337b07174d4956516978a35350bc23e254189cc"},
    {file = "pygame-2.0.0-pp37-pypy37_pp73-manylinux2010_x86_64.whl", hash = "sha256:5a3f0f436174e95027c60a37f06d84d25d2275de3255fe85846baa47c0e36e6b"},
    {file = "pygame-2.0.0.tar.gz", hash = "sha256:63b038da116a643046181b02173fd894d87d2f85ecfd6aa7d5ece73c6ef501e9"},
]
pymunk = [
    {file = "pymunk-5.7.0-py2.py3-none-macosx_10_13_x86_64.whl", hash = "sha256:b7fa2d00e173a06edc230d6d296f41e88b88a90e292ffb752a24b9b3759935ee"},
    {file = "pymunk-5.7.0-py2.py3-none-manylinux1_i686.whl", hash = "sha256:05eeeb2c34b11a06d68188ea2636720422436481b8fe28f5db5a7e366b8a5f78"},
    {file = "pymunk-5.7.0-py2.py3-none-manylinux1_x86_64.whl", hash = "sha256:71c885f6200ad31c65d4ee9b3cb74c62c5c7638e1a6a4dcc8daee740b4063ce1"},
    {file = "pymunk-5.7.0-py2.py3-none-win32.whl", hash = "sha256:e8feaff79f85c6b35d84a857db540faeaff2ecb19cfcbfcf2f8117c6ed69ee16"},
    {file = "pymunk-5.7.0-py2.py3-none-win_amd64.whl", hash = "sha256:beaed1aa67a31509260ceae23baafc51ec8735a9352d843271bdd312bad8d778"},
    {file = "pymunk-5.7.0.zip", hash = "sha256:585aabe9a7039b7a2dc07217120b6ccfc2abc200bd381187e0912ae852a63894"},
]
